{
  "name": "chk-chk-chk",
  "version": "1.0.0",
  "lockfileVersion": 1,
  "requires": true,
  "dependencies": {
    "@kwsites/file-exists": {
      "version": "1.1.1",
      "resolved": "https://artifactory.squarespace.net/api/npm/npm-all/@kwsites/file-exists/-/file-exists-1.1.1.tgz",
      "integrity": "sha1-rR78rBPhmH2NuvI17zvlsNlvqpk=",
      "requires": {
        "debug": "^4.1.1"
      }
    },
    "@kwsites/promise-deferred": {
      "version": "1.1.1",
      "resolved": "https://artifactory.squarespace.net/api/npm/npm-all/@kwsites/promise-deferred/-/promise-deferred-1.1.1.tgz",
      "integrity": "sha1-is5SWSVEJszvV/MXW8ZO1wle2Rk="
    },
    "ansi-colors": {
      "version": "4.1.1",
      "resolved": "https://artifactory.squarespace.net/api/npm/npm-all/ansi-colors/-/ansi-colors-4.1.1.tgz",
      "integrity": "sha1-y7muJWv3UK8eqzRPIpqif+lLo0g="
    },
    "debug": {
      "version": "4.1.1",
      "resolved": "https://artifactory.squarespace.net/api/npm/npm-all/debug/-/debug-4.1.1.tgz",
      "integrity": "sha1-O3ImAlUQnGtYnO4FDx1RYTlmR5E=",
      "requires": {
        "ms": "^2.1.1"
      }
    },
    "enquirer": {
      "version": "2.3.6",
      "resolved": "https://artifactory.squarespace.net/api/npm/npm-all/enquirer/-/enquirer-2.3.6.tgz",
      "integrity": "sha1-Kn/l3WNKHkElqXXsmU/1RW3Dc00=",
      "requires": {
        "ansi-colors": "^4.1.1"
      }
    },
    "ms": {
      "version": "2.1.2",
      "resolved": "https://artifactory.squarespace.net/api/npm/npm-all/ms/-/ms-2.1.2.tgz",
      "integrity": "sha1-0J0fNXtEP0kzgqjrPM0YOHKuYAk="
    },
    "simple-git": {
      "version": "2.13.2",
      "resolved": "https://artifactory.squarespace.net/api/npm/npm-all/simple-git/-/simple-git-2.13.2.tgz",
      "integrity": "sha1-nL1m+n25Q7DIYwCeUIb8Ai9sC8o=",
      "requires": {
        "@kwsites/file-exists": "^1.1.1",
        "@kwsites/promise-deferred": "^1.1.1",
        "debug": "^4.1.1"
      }
    }
  }
}
